// !$*UTF8*$!
{
	archiveVersion = 1;
	classes = {
	};
	objectVersion = 51;
	objects = {

/* Begin PBXBuildFile section */
		827F9EDE2885639300404D78 /* AppDelegate.swift in Sources */ = {isa = PBXBuildFile; fileRef = 827F9EDD2885639300404D78 /* AppDelegate.swift */; };
		827F9EE02885639300404D78 /* SceneDelegate.swift in Sources */ = {isa = PBXBuildFile; fileRef = 827F9EDF2885639300404D78 /* SceneDelegate.swift */; };
		827F9EE22885639300404D78 /* ViewController.swift in Sources */ = {isa = PBXBuildFile; fileRef = 827F9EE12885639300404D78 /* ViewController.swift */; };
		827F9EE52885639300404D78 /* Main.storyboard in Resources */ = {isa = PBXBuildFile; fileRef = 827F9EE32885639300404D78 /* Main.storyboard */; };
		827F9EE7288563B300404D78 /* Assets.xcassets in Resources */ = {isa = PBXBuildFile; fileRef = 827F9EE6288563B300404D78 /* Assets.xcassets */; };
		827F9EEA288563B300404D78 /* LaunchScreen.storyboard in Resources */ = {isa = PBXBuildFile; fileRef = 827F9EE8288563B300404D78 /* LaunchScreen.storyboard */; };
		827F9F01288569FD00404D78 /* Home.storyboard in Resources */ = {isa = PBXBuildFile; fileRef = 827F9F00288569FD00404D78 /* Home.storyboard */; };
		827F9F0428856A5B00404D78 /* Home.swift in Sources */ = {isa = PBXBuildFile; fileRef = 827F9F0328856A5B00404D78 /* Home.swift */; };
		827F9F0728858C0400404D78 /* AlbumVC.swift in Sources */ = {isa = PBXBuildFile; fileRef = 827F9F0628858C0400404D78 /* AlbumVC.swift */; };
		827F9F0A28858C1500404D78 /* TrackVC.swift in Sources */ = {isa = PBXBuildFile; fileRef = 827F9F0928858C1500404D78 /* TrackVC.swift */; };
		827F9F0D28859E1200404D78 /* Extensions.swift in Sources */ = {isa = PBXBuildFile; fileRef = 827F9F0C28859E1200404D78 /* Extensions.swift */; };
		827F9F342886DA7A00404D78 /* AlbumCell.swift in Sources */ = {isa = PBXBuildFile; fileRef = 827F9F332886DA7A00404D78 /* AlbumCell.swift */; };
		827F9F372886EA8F00404D78 /* TrackCell.swift in Sources */ = {isa = PBXBuildFile; fileRef = 827F9F362886EA8F00404D78 /* TrackCell.swift */; };
		CADD47980924F5E755B0E9C2 /* Pods_mvvmrx.framework in Frameworks */ = {isa = PBXBuildFile; fileRef = 4E24D3D4114E207DCA0CE2F5 /* Pods_mvvmrx.framework */; };
/* End PBXBuildFile section */

/* Begin PBXFileReference section */
		4E24D3D4114E207DCA0CE2F5 /* Pods_mvvmrx.framework */ = {isa = PBXFileReference; explicitFileType = wrapper.framework; includeInIndex = 0; path = Pods_mvvmrx.framework; sourceTree = BUILT_PRODUCTS_DIR; };
		827F9EDA2885639300404D78 /* mvvmrx.app */ = {isa = PBXFileReference; explicitFileType = wrapper.application; includeInIndex = 0; path = mvvmrx.app; sourceTree = BUILT_PRODUCTS_DIR; };
		827F9EDD2885639300404D78 /* AppDelegate.swift */ = {isa = PBXFileReference; lastKnownFileType = sourcecode.swift; path = AppDelegate.swift; sourceTree = "<group>"; };
		827F9EDF2885639300404D78 /* SceneDelegate.swift */ = {isa = PBXFileReference; lastKnownFileType = sourcecode.swift; path = SceneDelegate.swift; sourceTree = "<group>"; };
		827F9EE12885639300404D78 /* ViewController.swift */ = {isa = PBXFileReference; lastKnownFileType = sourcecode.swift; path = ViewController.swift; sourceTree = "<group>"; };
		827F9EE42885639300404D78 /* Base */ = {isa = PBXFileReference; lastKnownFileType = file.storyboard; name = Base; path = Base.lproj/Main.storyboard; sourceTree = "<group>"; };
		827F9EE6288563B300404D78 /* Assets.xcassets */ = {isa = PBXFileReference; lastKnownFileType = folder.assetcatalog; path = Assets.xcassets; sourceTree = "<group>"; };
		827F9EE9288563B300404D78 /* Base */ = {isa = PBXFileReference; lastKnownFileType = file.storyboard; name = Base; path = Base.lproj/LaunchScreen.storyboard; sourceTree = "<group>"; };
		827F9EEB288563B300404D78 /* Info.plist */ = {isa = PBXFileReference; lastKnownFileType = text.plist.xml; path = Info.plist; sourceTree = "<group>"; };
		827F9F00288569FD00404D78 /* Home.storyboard */ = {isa = PBXFileReference; lastKnownFileType = file.storyboard; path = Home.storyboard; sourceTree = "<group>"; };
		827F9F0328856A5B00404D78 /* Home.swift */ = {isa = PBXFileReference; lastKnownFileType = sourcecode.swift; path = Home.swift; sourceTree = "<group>"; };
		827F9F0628858C0400404D78 /* AlbumVC.swift */ = {isa = PBXFileReference; lastKnownFileType = sourcecode.swift; path = AlbumVC.swift; sourceTree = "<group>"; };
		827F9F0928858C1500404D78 /* TrackVC.swift */ = {isa = PBXFileReference; lastKnownFileType = sourcecode.swift; path = TrackVC.swift; sourceTree = "<group>"; };
		827F9F0C28859E1200404D78 /* Extensions.swift */ = {isa = PBXFileReference; lastKnownFileType = sourcecode.swift; path = Extensions.swift; sourceTree = "<group>"; };
		827F9F332886DA7A00404D78 /* AlbumCell.swift */ = {isa = PBXFileReference; lastKnownFileType = sourcecode.swift; path = AlbumCell.swift; sourceTree = "<group>"; };
		827F9F362886EA8F00404D78 /* TrackCell.swift */ = {isa = PBXFileReference; lastKnownFileType = sourcecode.swift; path = TrackCell.swift; sourceTree = "<group>"; };
		8285006BE4AEF55FA3E7DA3D /* Pods-mvvmrx.release.xcconfig */ = {isa = PBXFileReference; includeInIndex = 1; lastKnownFileType = text.xcconfig; name = "Pods-mvvmrx.release.xcconfig"; path = "Target Support Files/Pods-mvvmrx/Pods-mvvmrx.release.xcconfig"; sourceTree = "<group>"; };
		A282DD1F19CB8E51A5455E34 /* Pods-mvvmrx.debug.xcconfig */ = {isa = PBXFileReference; includeInIndex = 1; lastKnownFileType = text.xcconfig; name = "Pods-mvvmrx.debug.xcconfig"; path = "Target Support Files/Pods-mvvmrx/Pods-mvvmrx.debug.xcconfig"; sourceTree = "<group>"; };
/* End PBXFileReference section */

/* Begin PBXFrameworksBuildPhase section */
		827F9ED72885639300404D78 /* Frameworks */ = {
			isa = PBXFrameworksBuildPhase;
			buildActionMask = 2147483647;
			files = (
				CADD47980924F5E755B0E9C2 /* Pods_mvvmrx.framework in Frameworks */,
			);
			runOnlyForDeploymentPostprocessing = 0;
		};
/* End PBXFrameworksBuildPhase section */

/* Begin PBXGroup section */
		2920A1C3878480BC6989F1C8 /* Pods */ = {
			isa = PBXGroup;
			children = (
				A282DD1F19CB8E51A5455E34 /* Pods-mvvmrx.debug.xcconfig */,
				8285006BE4AEF55FA3E7DA3D /* Pods-mvvmrx.release.xcconfig */,
			);
			path = Pods;
			sourceTree = "<group>";
		};
		6ECCD8ABFDF7A77F61772B85 /* Frameworks */ = {
			isa = PBXGroup;
			children = (
				4E24D3D4114E207DCA0CE2F5 /* Pods_mvvmrx.framework */,
			);
			name = Frameworks;
			sourceTree = "<group>";
		};
		827F9ED12885639300404D78 = {
			isa = PBXGroup;
			children = (
				827F9EDC2885639300404D78 /* mvvmrx */,
				827F9EDB2885639300404D78 /* Products */,
				2920A1C3878480BC6989F1C8 /* Pods */,
				6ECCD8ABFDF7A77F61772B85 /* Frameworks */,
			);
			sourceTree = "<group>";
		};
		827F9EDB2885639300404D78 /* Products */ = {
			isa = PBXGroup;
			children = (
				827F9EDA2885639300404D78 /* mvvmrx.app */,
			);
			name = Products;
			sourceTree = "<group>";
		};
		827F9EDC2885639300404D78 /* mvvmrx */ = {
			isa = PBXGroup;
			children = (
				827F9EF6288564A700404D78 /* SupportFiles */,
				827F9EF52885649100404D78 /* Helper */,
				827F9EF42885648900404D78 /* Resources */,
				827F9EF32885646700404D78 /* Home */,
				827F9EDD2885639300404D78 /* AppDelegate.swift */,
				827F9EDF2885639300404D78 /* SceneDelegate.swift */,
				827F9EE12885639300404D78 /* ViewController.swift */,
				827F9EE32885639300404D78 /* Main.storyboard */,
				827F9EE6288563B300404D78 /* Assets.xcassets */,
				827F9EE8288563B300404D78 /* LaunchScreen.storyboard */,
				827F9EEB288563B300404D78 /* Info.plist */,
			);
			path = mvvmrx;
			sourceTree = "<group>";
		};
		827F9EF32885646700404D78 /* Home */ = {
			isa = PBXGroup;
			children = (
				827F9EF9288564DC00404D78 /* Model */,
				827F9EF8288564D100404D78 /* ViewModel */,
				827F9EF7288564C000404D78 /* View */,
			);
			path = Home;
			sourceTree = "<group>";
		};
		827F9EF42885648900404D78 /* Resources */ = {
			isa = PBXGroup;
			children = (
			);
			path = Resources;
			sourceTree = "<group>";
		};
		827F9EF52885649100404D78 /* Helper */ = {
			isa = PBXGroup;
			children = (
				827F9F0C28859E1200404D78 /* Extensions.swift */,
			);
			path = Helper;
			sourceTree = "<group>";
		};
		827F9EF6288564A700404D78 /* SupportFiles */ = {
			isa = PBXGroup;
			children = (
				827F9F332886DA7A00404D78 /* AlbumCell.swift */,
				827F9F362886EA8F00404D78 /* TrackCell.swift */,
			);
			path = SupportFiles;
			sourceTree = "<group>";
		};
		827F9EF7288564C000404D78 /* View */ = {
			isa = PBXGroup;
			children = (
				827F9F00288569FD00404D78 /* Home.storyboard */,
				827F9F0328856A5B00404D78 /* Home.swift */,
				827F9F0628858C0400404D78 /* AlbumVC.swift */,
				827F9F0928858C1500404D78 /* TrackVC.swift */,
			);
			path = View;
			sourceTree = "<group>";
		};
		827F9EF8288564D100404D78 /* ViewModel */ = {
			isa = PBXGroup;
			children = (
			);
			path = ViewModel;
			sourceTree = "<group>";
		};
		827F9EF9288564DC00404D78 /* Model */ = {
			isa = PBXGroup;
			children = (
			);
			path = Model;
			sourceTree = "<group>";
		};
/* End PBXGroup section */

/* Begin PBXNativeTarget section */
		827F9ED92885639300404D78 /* mvvmrx */ = {
			isa = PBXNativeTarget;
			buildConfigurationList = 827F9EEE288563B300404D78 /* Build configuration list for PBXNativeTarget "mvvmrx" */;
			buildPhases = (
				9B5A188E627AA8ABE32FD8FB /* [CP] Check Pods Manifest.lock */,
				827F9ED62885639300404D78 /* Sources */,
				827F9ED72885639300404D78 /* Frameworks */,
				827F9ED82885639300404D78 /* Resources */,
				7EEC660AFDF9CB3A3D36AE37 /* [CP] Embed Pods Frameworks */,
			);
			buildRules = (
			);
			dependencies = (
			);
			name = mvvmrx;
			productName = mvvmrx;
			productReference = 827F9EDA2885639300404D78 /* mvvmrx.app */;
			productType = "com.apple.product-type.application";
		};
/* End PBXNativeTarget section */

/* Begin PBXProject section */
		827F9ED22885639300404D78 /* Project object */ = {
			isa = PBXProject;
			attributes = {
				LastSwiftUpdateCheck = 1240;
				LastUpgradeCheck = 1240;
				TargetAttributes = {
					827F9ED92885639300404D78 = {
						CreatedOnToolsVersion = 12.4;
					};
				};
			};
			buildConfigurationList = 827F9ED52885639300404D78 /* Build configuration list for PBXProject "mvvmrx" */;
			compatibilityVersion = "Xcode 9.3";
			developmentRegion = en;
			hasScannedForEncodings = 0;
			knownRegions = (
				en,
				Base,
			);
			mainGroup = 827F9ED12885639300404D78;
			productRefGroup = 827F9EDB2885639300404D78 /* Products */;
			projectDirPath = "";
			projectRoot = "";
			targets = (
				827F9ED92885639300404D78 /* mvvmrx */,
			);
		};
/* End PBXProject section */

/* Begin PBXResourcesBuildPhase section */
		827F9ED82885639300404D78 /* Resources */ = {
			isa = PBXResourcesBuildPhase;
			buildActionMask = 2147483647;
			files = (
				827F9EEA288563B300404D78 /* LaunchScreen.storyboard in Resources */,
				827F9EE7288563B300404D78 /* Assets.xcassets in Resources */,
				827F9EE52885639300404D78 /* Main.storyboard in Resources */,
				827F9F01288569FD00404D78 /* Home.storyboard in Resources */,
			);
			runOnlyForDeploymentPostprocessing = 0;
		};
/* End PBXResourcesBuildPhase section */

/* Begin PBXShellScriptBuildPhase section */
		7EEC660AFDF9CB3A3D36AE37 /* [CP] Embed Pods Frameworks */ = {
			isa = PBXShellScriptBuildPhase;
			buildActionMask = 2147483647;
			files = (
			);
			inputFileListPaths = (
				"${PODS_ROOT}/Target Support Files/Pods-mvvmrx/Pods-mvvmrx-frameworks-${CONFIGURATION}-input-files.xcfilelist",
			);
			name = "[CP] Embed Pods Frameworks";
			outputFileListPaths = (
				"${PODS_ROOT}/Target Support Files/Pods-mvvmrx/Pods-mvvmrx-frameworks-${CONFIGURATION}-output-files.xcfilelist",
			);
			runOnlyForDeploymentPostprocessing = 0;
			shellPath = /bin/sh;
			shellScript = "\"${PODS_ROOT}/Target Support Files/Pods-mvvmrx/Pods-mvvmrx-frameworks.sh\"\n";
			showEnvVarsInLog = 0;
		};
		9B5A188E627AA8ABE32FD8FB /* [CP] Check Pods Manifest.lock */ = {
			isa = PBXShellScriptBuildPhase;
			buildActionMask = 2147483647;
			files = (
			);
			inputFileListPaths = (
			);
			inputPaths = (
				"${PODS_PODFILE_DIR_PATH}/Podfile.lock",
				"${PODS_ROOT}/Manifest.lock",
			);
			name = "[CP] Check Pods Manifest.lock";
			outputFileListPaths = (
			);
			outputPaths = (
				"$(DERIVED_FILE_DIR)/Pods-mvvmrx-checkManifestLockResult.txt",
			);
			runOnlyForDeploymentPostprocessing = 0;
			shellPath = /bin/sh;
			shellScript = "diff \"${PODS_PODFILE_DIR_PATH}/Podfile.lock\" \"${PODS_ROOT}/Manifest.lock\" > /dev/null\nif [ $? != 0 ] ; then\n    # print error to STDERR\n    echo \"error: The sandbox is not in sync with the Podfile.lock. Run 'pod install' or update your CocoaPods installation.\" >&2\n    exit 1\nfi\n# This output is used by Xcode 'outputs' to avoid re-running this script phase.\necho \"SUCCESS\" > \"${SCRIPT_OUTPUT_FILE_0}\"\n";
			showEnvVarsInLog = 0;
		};
/* End PBXShellScriptBuildPhase section */

/* Begin PBXSourcesBuildPhase section */
		827F9ED62885639300404D78 /* Sources */ = {
			isa = PBXSourcesBuildPhase;
			buildActionMask = 2147483647;
			files = (
				827F9EE22885639300404D78 /* ViewController.swift in Sources */,
				827F9F0728858C0400404D78 /* AlbumVC.swift in Sources */,
				827F9F372886EA8F00404D78 /* TrackCell.swift in Sources */,
				827F9F0A28858C1500404D78 /* TrackVC.swift in Sources */,
				827F9F342886DA7A00404D78 /* AlbumCell.swift in Sources */,
				827F9EDE2885639300404D78 /* AppDelegate.swift in Sources */,
				827F9F0428856A5B00404D78 /* Home.swift in Sources */,
				827F9EE02885639300404D78 /* SceneDelegate.swift in Sources */,
				827F9F0D28859E1200404D78 /* Extensions.swift in Sources */,
			);
			runOnlyForDeploymentPostprocessing = 0;
		};
/* End PBXSourcesBuildPhase section */

/* Begin PBXVariantGroup section */
		827F9EE32885639300404D78 /* Main.storyboard */ = {
			isa = PBXVariantGroup;
			children = (
				827F9EE42885639300404D78 /* Base */,
			);
			name = Main.storyboard;
			sourceTree = "<group>";
		};
		827F9EE8288563B300404D78 /* LaunchScreen.storyboard */ = {
			isa = PBXVariantGroup;
			children = (
				827F9EE9288563B300404D78 /* Base */,
			);
			name = LaunchScreen.storyboard;
			sourceTree = "<group>";
		};
/* End PBXVariantGroup section */

/* Begin XCBuildConfiguration section */
		827F9EEC288563B300404D78 /* Debug */ = {
			isa = XCBuildConfiguration;
			buildSettings = {
				ALWAYS_SEARCH_USER_PATHS = NO;
				CLANG_ANALYZER_NONNULL = YES;
				CLANG_ANALYZER_NUMBER_OBJECT_CONVERSION = YES_AGGRESSIVE;
				CLANG_CXX_LANGUAGE_STANDARD = "gnu++14";
				CLANG_CXX_LIBRARY = "libc++";
				CLANG_ENABLE_MODULES = YES;
				CLANG_ENABLE_OBJC_ARC = YES;
				CLANG_ENABLE_OBJC_WEAK = YES;
				CLANG_WARN_BLOCK_CAPTURE_AUTORELEASING = YES;
				CLANG_WARN_BOOL_CONVERSION = YES;
				CLANG_WARN_COMMA = YES;
				CLANG_WARN_CONSTANT_CONVERSION = YES;
				CLANG_WARN_DEPRECATED_OBJC_IMPLEMENTATIONS = YES;
				CLANG_WARN_DIRECT_OBJC_ISA_USAGE = YES_ERROR;
				CLANG_WARN_DOCUMENTATION_COMMENTS = YES;
				CLANG_WARN_EMPTY_BODY = YES;
				CLANG_WARN_ENUM_CONVERSION = YES;
				CLANG_WARN_INFINITE_RECURSION = YES;
				CLANG_WARN_INT_CONVERSION = YES;
				CLANG_WARN_NON_LITERAL_NULL_CONVERSION = YES;
				CLANG_WARN_OBJC_IMPLICIT_RETAIN_SELF = YES;
				CLANG_WARN_OBJC_LITERAL_CONVERSION = YES;
				CLANG_WARN_OBJC_ROOT_CLASS = YES_ERROR;
				CLANG_WARN_QUOTED_INCLUDE_IN_FRAMEWORK_HEADER = YES;
				CLANG_WARN_RANGE_LOOP_ANALYSIS = YES;
				CLANG_WARN_STRICT_PROTOTYPES = YES;
				CLANG_WARN_SUSPICIOUS_MOVE = YES;
				CLANG_WARN_UNGUARDED_AVAILABILITY = YES_AGGRESSIVE;
				CLANG_WARN_UNREACHABLE_CODE = YES;
				CLANG_WARN__DUPLICATE_METHOD_MATCH = YES;
				COPY_PHASE_STRIP = NO;
				DEBUG_INFORMATION_FORMAT = dwarf;
				ENABLE_STRICT_OBJC_MSGSEND = YES;
				ENABLE_TESTABILITY = YES;
				GCC_C_LANGUAGE_STANDARD = gnu11;
				GCC_DYNAMIC_NO_PIC = NO;
				GCC_NO_COMMON_BLOCKS = YES;
				GCC_OPTIMIZATION_LEVEL = 0;
				GCC_PREPROCESSOR_DEFINITIONS = (
					"DEBUG=1",
					"$(inherited)",
				);
				GCC_WARN_64_TO_32_BIT_CONVERSION = YES;
				GCC_WARN_ABOUT_RETURN_TYPE = YES_ERROR;
				GCC_WARN_UNDECLARED_SELECTOR = YES;
				GCC_WARN_UNINITIALIZED_AUTOS = YES_AGGRESSIVE;
				GCC_WARN_UNUSED_FUNCTION = YES;
				GCC_WARN_UNUSED_VARIABLE = YES;
				IPHONEOS_DEPLOYMENT_TARGET = 14.4;
				MTL_ENABLE_DEBUG_INFO = INCLUDE_SOURCE;
				MTL_FAST_MATH = YES;
				ONLY_ACTIVE_ARCH = YES;
				SDKROOT = iphoneos;
				SWIFT_ACTIVE_COMPILATION_CONDITIONS = DEBUG;
				SWIFT_OPTIMIZATION_LEVEL = "-Onone";
			};
			name = Debug;
		};
		827F9EED288563B300404D78 /* Release */ = {
			isa = XCBuildConfiguration;
			buildSettings = {
				ALWAYS_SEARCH_USER_PATHS = NO;
				CLANG_ANALYZER_NONNULL = YES;
				CLANG_ANALYZER_NUMBER_OBJECT_CONVERSION = YES_AGGRESSIVE;
				CLANG_CXX_LANGUAGE_STANDARD = "gnu++14";
				CLANG_CXX_LIBRARY = "libc++";
				CLANG_ENABLE_MODULES = YES;
				CLANG_ENABLE_OBJC_ARC = YES;
				CLANG_ENABLE_OBJC_WEAK = YES;
				CLANG_WARN_BLOCK_CAPTURE_AUTORELEASING = YES;
				CLANG_WARN_BOOL_CONVERSION = YES;
				CLANG_WARN_COMMA = YES;
				CLANG_WARN_CONSTANT_CONVERSION = YES;
				CLANG_WARN_DEPRECATED_OBJC_IMPLEMENTATIONS = YES;
				CLANG_WARN_DIRECT_OBJC_ISA_USAGE = YES_ERROR;
				CLANG_WARN_DOCUMENTATION_COMMENTS = YES;
				CLANG_WARN_EMPTY_BODY = YES;
				CLANG_WARN_ENUM_CONVERSION = YES;
				CLANG_WARN_INFINITE_RECURSION = YES;
				CLANG_WARN_INT_CONVERSION = YES;
				CLANG_WARN_NON_LITERAL_NULL_CONVERSION = YES;
				CLANG_WARN_OBJC_IMPLICIT_RETAIN_SELF = YES;
				CLANG_WARN_OBJC_LITERAL_CONVERSION = YES;
				CLANG_WARN_OBJC_ROOT_CLASS = YES_ERROR;
				CLANG_WARN_QUOTED_INCLUDE_IN_FRAMEWORK_HEADER = YES;
				CLANG_WARN_RANGE_LOOP_ANALYSIS = YES;
				CLANG_WARN_STRICT_PROTOTYPES = YES;
				CLANG_WARN_SUSPICIOUS_MOVE = YES;
				CLANG_WARN_UNGUARDED_AVAILABILITY = YES_AGGRESSIVE;
				CLANG_WARN_UNREACHABLE_CODE = YES;
				CLANG_WARN__DUPLICATE_METHOD_MATCH = YES;
				COPY_PHASE_STRIP = NO;
				DEBUG_INFORMATION_FORMAT = "dwarf-with-dsym";
				ENABLE_NS_ASSERTIONS = NO;
				ENABLE_STRICT_OBJC_MSGSEND = YES;
				GCC_C_LANGUAGE_STANDARD = gnu11;
				GCC_NO_COMMON_BLOCKS = YES;
				GCC_WARN_64_TO_32_BIT_CONVERSION = YES;
				GCC_WARN_ABOUT_RETURN_TYPE = YES_ERROR;
				GCC_WARN_UNDECLARED_SELECTOR = YES;
				GCC_WARN_UNINITIALIZED_AUTOS = YES_AGGRESSIVE;
				GCC_WARN_UNUSED_FUNCTION = YES;
				GCC_WARN_UNUSED_VARIABLE = YES;
				IPHONEOS_DEPLOYMENT_TARGET = 14.4;
				MTL_ENABLE_DEBUG_INFO = NO;
				MTL_FAST_MATH = YES;
				SDKROOT = iphoneos;
				SWIFT_COMPILATION_MODE = wholemodule;
				SWIFT_OPTIMIZATION_LEVEL = "-O";
				VALIDATE_PRODUCT = YES;
			};
			name = Release;
		};
		827F9EEF288563B300404D78 /* Debug */ = {
			isa = XCBuildConfiguration;
			baseConfigurationReference = A282DD1F19CB8E51A5455E34 /* Pods-mvvmrx.debug.xcconfig */;
			buildSettings = {
				ASSETCATALOG_COMPILER_APPICON_NAME = AppIcon;
				ASSETCATALOG_COMPILER_GLOBAL_ACCENT_COLOR_NAME = AccentColor;
				CODE_SIGN_STYLE = Automatic;
				INFOPLIST_FILE = mvvmrx/Info.plist;
				LD_RUNPATH_SEARCH_PATHS = (
					"$(inherited)",
					"@executable_path/Frameworks",
				);
				PRODUCT_BUNDLE_IDENTIFIER = self.mvvmrx;
				PRODUCT_NAME = "$(TARGET_NAME)";
				SWIFT_VERSION = 5.0;
				TARGETED_DEVICE_FAMILY = "1,2";
			};
			name = Debug;
		};
		827F9EF0288563B300404D78 /* Release */ = {
			isa = XCBuildConfiguration;
			baseConfigurationReference = 8285006BE4AEF55FA3E7DA3D /* Pods-mvvmrx.release.xcconfig */;
			buildSettings = {
				ASSETCATALOG_COMPILER_APPICON_NAME = AppIcon;
				ASSETCATALOG_COMPILER_GLOBAL_ACCENT_COLOR_NAME = AccentColor;
				CODE_SIGN_STYLE = Automatic;
				INFOPLIST_FILE = mvvmrx/Info.plist;
				LD_RUNPATH_SEARCH_PATHS = (
					"$(inherited)",
					"@executable_path/Frameworks",
				);
				PRODUCT_BUNDLE_IDENTIFIER = self.mvvmrx;
				PRODUCT_NAME = "$(TARGET_NAME)";
				SWIFT_VERSION = 5.0;
				TARGETED_DEVICE_FAMILY = "1,2";
			};
			name = Release;
		};
/* End XCBuildConfiguration section */

/* Begin XCConfigurationList section */
		827F9ED52885639300404D78 /* Build configuration list for PBXProject "mvvmrx" */ = {
			isa = XCConfigurationList;
			buildConfigurations = (
				827F9EEC288563B300404D78 /* Debug */,
				827F9EED288563B300404D78 /* Release */,
			);
			defaultConfigurationIsVisible = 0;
			defaultConfigurationName = Release;
		};
		827F9EEE288563B300404D78 /* Build configuration list for PBXNativeTarget "mvvmrx" */ = {
			isa = XCConfigurationList;
			buildConfigurations = (
				827F9EEF288563B300404D78 /* Debug */,
				827F9EF0288563B300404D78 /* Release */,
			);
			defaultConfigurationIsVisible = 0;
			defaultConfigurationName = Release;
		};
/* End XCConfigurationList section */
	};
	rootObject = 827F9ED22885639300404D78 /* Project object */;
}
